
Microsoft Visual Studio Solution File, Format Version 12.00
# Visual Studio Version 17
VisualStudioVersion = 17.0.31903.59
MinimumVisualStudioVersion = 10.0.40219.1
Project("{FAE04EC0-301F-11D3-BF4B-00C04F79EFBC}") = "varijablaIspisPodataka", "varijablaIspisPodataka.csproj", "{AB023607-E6B2-4585-9020-B40083583E76}"
EndProject
Global
	GlobalSection(SolutionConfigurationPlatforms) = preSolution
		Debug|Any CPU = Debug|Any CPU
		Release|Any CPU = Release|Any CPU
	EndGlobalSection
	GlobalSection(ProjectConfigurationPlatforms) = postSolution
		{AB023607-E6B2-4585-9020-B40083583E76}.Debug|Any CPU.ActiveCfg = Debug|Any CPU
		{AB023607-E6B2-4585-9020-B40083583E76}.Debug|Any CPU.Build.0 = Debug|Any CPU
		{AB023607-E6B2-4585-9020-B40083583E76}.Release|Any CPU.ActiveCfg = Release|Any CPU
		{AB023607-E6B2-4585-9020-B40083583E76}.Release|Any CPU.Build.0 = Release|Any CPU
	EndGlobalSection
	GlobalSection(SolutionProperties) = preSolution
		HideSolutionNode = FALSE
	EndGlobalSection
	GlobalSection(ExtensibilityGlobals) = postSolution
		SolutionGuid = {0F785AF2-4F55-4A14-A54D-50C918F3527F}
	EndGlobalSection
EndGlobal
